// !$*UTF8*$!
{
	archiveVersion = 1;
	classes = {
	};
	objectVersion = 46;
	objects = {

/* Begin PBXBuildFile section */
		2F8FC0056C123096DA93C11C /* PhotoCaptureDelegate.swift in Sources */ = {isa = PBXBuildFile; fileRef = 2F8FC56ABC52BFD55A97F29A /* PhotoCaptureDelegate.swift */; };
		2F8FC042E5DCFD33980646E3 /* appUITestsLaunchTests.swift in Sources */ = {isa = PBXBuildFile; fileRef = 2F8FCC7875A2F87D4D2FE2A5 /* appUITestsLaunchTests.swift */; };
		2F8FC05CD73536DF0674DCA5 /* appTests.swift in Sources */ = {isa = PBXBuildFile; fileRef = 2F8FC7F89D95AD074A678586 /* appTests.swift */; };
		2F8FC0B15B54F02A6AA9EBA0 /* CaptureInfo.swift in Sources */ = {isa = PBXBuildFile; fileRef = 2F8FCEBD3C83EFA3296F6101 /* CaptureInfo.swift */; };
		2F8FC31B4D324BEDED909577 /* TriggerEveyTimer.swift in Sources */ = {isa = PBXBuildFile; fileRef = 2F8FC1A6BB7DB1605C796E10 /* TriggerEveyTimer.swift */; };
		2F8FC33A638641AD7C9176DB /* CaptureFolderState.swift in Sources */ = {isa = PBXBuildFile; fileRef = 2F8FCAEA8209C1CDDF6D73BF /* CaptureFolderState.swift */; };
		2F8FC4A636E9A0CDB70A5359 /* ContentView.swift in Sources */ = {isa = PBXBuildFile; fileRef = 2F8FCB31829730ECD0C9A141 /* ContentView.swift */; };
		2F8FC70999856FE6D547C32B /* CameraViewModel.swift in Sources */ = {isa = PBXBuildFile; fileRef = 2F8FC16364BB55CEACB721BC /* CameraViewModel.swift */; };
		2F8FC722290884BB132DD9D3 /* appApp.swift in Sources */ = {isa = PBXBuildFile; fileRef = 2F8FCB5B788CA6294A6EC8D1 /* appApp.swift */; };
		2F8FCAA97C6A308BCDCA3C76 /* Capture.swift in Sources */ = {isa = PBXBuildFile; fileRef = 2F8FCAD40FAD8F5FA00A6853 /* Capture.swift */; };
		2F8FCD8038353562A1046370 /* Assets.xcassets in Resources */ = {isa = PBXBuildFile; fileRef = 2F8FC6E5E25B9BD19DAEEBCF /* Assets.xcassets */; };
		2F8FCD99787D675F90236A32 /* appUITests.swift in Sources */ = {isa = PBXBuildFile; fileRef = 2F8FCDB735A0310678823879 /* appUITests.swift */; };
		2F8FCE9C3D30A7FA324ABFE9 /* Preview Assets.xcassets in Resources */ = {isa = PBXBuildFile; fileRef = 2F8FCAE4889879ED512BCC93 /* Preview Assets.xcassets */; };
/* End PBXBuildFile section */

/* Begin PBXContainerItemProxy section */
		2F8FC79C1A21102895E65941 /* PBXContainerItemProxy */ = {
			isa = PBXContainerItemProxy;
			containerPortal = 2F8FC5369FD2DED6EF4A488D /* Project object */;
			proxyType = 1;
			remoteGlobalIDString = 2F8FC4DD76077F984B2DADCB;
			remoteInfo = app;
		};
		2F8FCB7375F5E30F0B28BA1C /* PBXContainerItemProxy */ = {
			isa = PBXContainerItemProxy;
			containerPortal = 2F8FC5369FD2DED6EF4A488D /* Project object */;
			proxyType = 1;
			remoteGlobalIDString = 2F8FC4DD76077F984B2DADCB;
			remoteInfo = app;
		};
/* End PBXContainerItemProxy section */

/* Begin PBXFileReference section */
		2F8FC16364BB55CEACB721BC /* CameraViewModel.swift */ = {isa = PBXFileReference; fileEncoding = 4; lastKnownFileType = sourcecode.swift; path = CameraViewModel.swift; sourceTree = "<group>"; };
		2F8FC1A6BB7DB1605C796E10 /* TriggerEveyTimer.swift */ = {isa = PBXFileReference; fileEncoding = 4; lastKnownFileType = sourcecode.swift; path = TriggerEveyTimer.swift; sourceTree = "<group>"; };
		2F8FC56ABC52BFD55A97F29A /* PhotoCaptureDelegate.swift */ = {isa = PBXFileReference; fileEncoding = 4; lastKnownFileType = sourcecode.swift; path = PhotoCaptureDelegate.swift; sourceTree = "<group>"; };
		2F8FC6E5E25B9BD19DAEEBCF /* Assets.xcassets */ = {isa = PBXFileReference; lastKnownFileType = folder.assetcatalog; path = Assets.xcassets; sourceTree = "<group>"; };
		2F8FC7F89D95AD074A678586 /* appTests.swift */ = {isa = PBXFileReference; lastKnownFileType = sourcecode.swift; path = appTests.swift; sourceTree = "<group>"; };
		2F8FC89CA643DDA934CF09FD /* appUITests.xctest */ = {isa = PBXFileReference; explicitFileType = wrapper.cfbundle; includeInIndex = 0; path = appUITests.xctest; sourceTree = BUILT_PRODUCTS_DIR; };
		2F8FC988F2AED69942557641 /* app.app */ = {isa = PBXFileReference; explicitFileType = wrapper.application; includeInIndex = 0; path = app.app; sourceTree = BUILT_PRODUCTS_DIR; };
		2F8FCAD40FAD8F5FA00A6853 /* Capture.swift */ = {isa = PBXFileReference; fileEncoding = 4; lastKnownFileType = sourcecode.swift; path = Capture.swift; sourceTree = "<group>"; };
		2F8FCAE4889879ED512BCC93 /* Preview Assets.xcassets */ = {isa = PBXFileReference; lastKnownFileType = folder.assetcatalog; path = "Preview Assets.xcassets"; sourceTree = "<group>"; };
		2F8FCAEA8209C1CDDF6D73BF /* CaptureFolderState.swift */ = {isa = PBXFileReference; fileEncoding = 4; lastKnownFileType = sourcecode.swift; path = CaptureFolderState.swift; sourceTree = "<group>"; };
		2F8FCB31829730ECD0C9A141 /* ContentView.swift */ = {isa = PBXFileReference; lastKnownFileType = sourcecode.swift; path = ContentView.swift; sourceTree = "<group>"; };
		2F8FCB5B788CA6294A6EC8D1 /* appApp.swift */ = {isa = PBXFileReference; lastKnownFileType = sourcecode.swift; path = appApp.swift; sourceTree = "<group>"; };
		2F8FCB63DC564639C542F1F7 /* appTests.xctest */ = {isa = PBXFileReference; explicitFileType = wrapper.cfbundle; includeInIndex = 0; path = appTests.xctest; sourceTree = BUILT_PRODUCTS_DIR; };
		2F8FCC7875A2F87D4D2FE2A5 /* appUITestsLaunchTests.swift */ = {isa = PBXFileReference; lastKnownFileType = sourcecode.swift; path = appUITestsLaunchTests.swift; sourceTree = "<group>"; };
		2F8FCDB735A0310678823879 /* appUITests.swift */ = {isa = PBXFileReference; lastKnownFileType = sourcecode.swift; path = appUITests.swift; sourceTree = "<group>"; };
		2F8FCEBD3C83EFA3296F6101 /* CaptureInfo.swift */ = {isa = PBXFileReference; fileEncoding = 4; lastKnownFileType = sourcecode.swift; path = CaptureInfo.swift; sourceTree = "<group>"; };
/* End PBXFileReference section */

/* Begin PBXFrameworksBuildPhase section */
		2F8FC0831B075C0592E5A80D /* Frameworks */ = {
			isa = PBXFrameworksBuildPhase;
			buildActionMask = 2147483647;
			files = (
			);
			runOnlyForDeploymentPostprocessing = 0;
		};
		2F8FC36A5224AD3F5BA30BF4 /* Frameworks */ = {
			isa = PBXFrameworksBuildPhase;
			buildActionMask = 2147483647;
			files = (
			);
			runOnlyForDeploymentPostprocessing = 0;
		};
		2F8FC9B731B2FA9AB403524A /* Frameworks */ = {
			isa = PBXFrameworksBuildPhase;
			buildActionMask = 2147483647;
			files = (
			);
			runOnlyForDeploymentPostprocessing = 0;
		};
/* End PBXFrameworksBuildPhase section */

/* Begin PBXGroup section */
		2F8FC613486C24F082F7EA93 /* app */ = {
			isa = PBXGroup;
			children = (
				2F8FC6E5E25B9BD19DAEEBCF /* Assets.xcassets */,
				2F8FCB74D9D0202232F9C0BA /* Preview Content */,
				2F8FCB5B788CA6294A6EC8D1 /* appApp.swift */,
				2F8FCB31829730ECD0C9A141 /* ContentView.swift */,
				2F8FC16364BB55CEACB721BC /* CameraViewModel.swift */,
				2F8FCAD40FAD8F5FA00A6853 /* Capture.swift */,
				2F8FCEBD3C83EFA3296F6101 /* CaptureInfo.swift */,
				2F8FCAEA8209C1CDDF6D73BF /* CaptureFolderState.swift */,
				2F8FC1A6BB7DB1605C796E10 /* TriggerEveyTimer.swift */,
				2F8FC56ABC52BFD55A97F29A /* PhotoCaptureDelegate.swift */,
			);
			path = app;
			sourceTree = "<group>";
		};
		2F8FC77C980E267859B1F434 = {
			isa = PBXGroup;
			children = (
				2F8FCDA7355E9A9434364A0C /* Products */,
				2F8FC613486C24F082F7EA93 /* app */,
				2F8FC7F3D73A3EEF39756F3E /* appTests */,
				2F8FCA808756F9E7ED0013BA /* appUITests */,
			);
			sourceTree = "<group>";
		};
		2F8FC7F3D73A3EEF39756F3E /* appTests */ = {
			isa = PBXGroup;
			children = (
				2F8FC7F89D95AD074A678586 /* appTests.swift */,
			);
			path = appTests;
			sourceTree = "<group>";
		};
		2F8FCA808756F9E7ED0013BA /* appUITests */ = {
			isa = PBXGroup;
			children = (
				2F8FCDB735A0310678823879 /* appUITests.swift */,
				2F8FCC7875A2F87D4D2FE2A5 /* appUITestsLaunchTests.swift */,
			);
			path = appUITests;
			sourceTree = "<group>";
		};
		2F8FCB74D9D0202232F9C0BA /* Preview Content */ = {
			isa = PBXGroup;
			children = (
				2F8FCAE4889879ED512BCC93 /* Preview Assets.xcassets */,
			);
			path = "Preview Content";
			sourceTree = "<group>";
		};
		2F8FCDA7355E9A9434364A0C /* Products */ = {
			isa = PBXGroup;
			children = (
				2F8FC988F2AED69942557641 /* app.app */,
				2F8FCB63DC564639C542F1F7 /* appTests.xctest */,
				2F8FC89CA643DDA934CF09FD /* appUITests.xctest */,
			);
			name = Products;
			sourceTree = "<group>";
		};
/* End PBXGroup section */

/* Begin PBXNativeTarget section */
		2F8FC4DD76077F984B2DADCB /* app */ = {
			isa = PBXNativeTarget;
			buildConfigurationList = 2F8FC463EF798A48E5A8AE34 /* Build configuration list for PBXNativeTarget "app" */;
			buildPhases = (
				2F8FC83AB50AB78A3239C358 /* Sources */,
				2F8FC9B731B2FA9AB403524A /* Frameworks */,
				2F8FCA9C65E0601C6AADE445 /* Resources */,
			);
			buildRules = (
			);
			dependencies = (
			);
			name = app;
			productName = app;
			productReference = 2F8FC988F2AED69942557641 /* app.app */;
			productType = "com.apple.product-type.application";
		};
		2F8FCB2309617ACEFEA1FF96 /* appUITests */ = {
			isa = PBXNativeTarget;
			buildConfigurationList = 2F8FC6E94168190FCB638119 /* Build configuration list for PBXNativeTarget "appUITests" */;
			buildPhases = (
				2F8FC434C5E3D863C21CBBC8 /* Sources */,
				2F8FC36A5224AD3F5BA30BF4 /* Frameworks */,
				2F8FCBEFA743900540ED5196 /* Resources */,
			);
			buildRules = (
			);
			dependencies = (
				2F8FC402A7E8DA7E47CD15B7 /* PBXTargetDependency */,
			);
			name = appUITests;
			productName = appUITests;
			productReference = 2F8FC89CA643DDA934CF09FD /* appUITests.xctest */;
			productType = "com.apple.product-type.bundle.ui-testing";
		};
		2F8FCE137438C968966E0B09 /* appTests */ = {
			isa = PBXNativeTarget;
			buildConfigurationList = 2F8FC547E5846E13F032D77D /* Build configuration list for PBXNativeTarget "appTests" */;
			buildPhases = (
				2F8FCF4F89382877DE457EA9 /* Sources */,
				2F8FC0831B075C0592E5A80D /* Frameworks */,
				2F8FC4E21332156B9BAB0B4A /* Resources */,
			);
			buildRules = (
			);
			dependencies = (
				2F8FC5E06D8D8BF19332901B /* PBXTargetDependency */,
			);
			name = appTests;
			productName = appTests;
			productReference = 2F8FCB63DC564639C542F1F7 /* appTests.xctest */;
			productType = "com.apple.product-type.bundle.unit-test";
		};
/* End PBXNativeTarget section */

/* Begin PBXProject section */
		2F8FC5369FD2DED6EF4A488D /* Project object */ = {
			isa = PBXProject;
			buildConfigurationList = 2F8FCCDC154218883343E30A /* Build configuration list for PBXProject "app" */;
			compatibilityVersion = "Xcode 3.2";
			developmentRegion = English;
			hasScannedForEncodings = 0;
			knownRegions = (
				en,
			);
			mainGroup = 2F8FC77C980E267859B1F434;
			productRefGroup = 2F8FCDA7355E9A9434364A0C /* Products */;
			projectDirPath = "";
			projectRoot = "";
			targets = (
				2F8FC4DD76077F984B2DADCB /* app */,
				2F8FCE137438C968966E0B09 /* appTests */,
				2F8FCB2309617ACEFEA1FF96 /* appUITests */,
			);
		};
/* End PBXProject section */

/* Begin PBXResourcesBuildPhase section */
		2F8FC4E21332156B9BAB0B4A /* Resources */ = {
			isa = PBXResourcesBuildPhase;
			buildActionMask = 2147483647;
			files = (
			);
			runOnlyForDeploymentPostprocessing = 0;
		};
		2F8FCA9C65E0601C6AADE445 /* Resources */ = {
			isa = PBXResourcesBuildPhase;
			buildActionMask = 2147483647;
			files = (
				2F8FCD8038353562A1046370 /* Assets.xcassets in Resources */,
				2F8FCE9C3D30A7FA324ABFE9 /* Preview Assets.xcassets in Resources */,
			);
			runOnlyForDeploymentPostprocessing = 0;
		};
		2F8FCBEFA743900540ED5196 /* Resources */ = {
			isa = PBXResourcesBuildPhase;
			buildActionMask = 2147483647;
			files = (
			);
			runOnlyForDeploymentPostprocessing = 0;
		};
/* End PBXResourcesBuildPhase section */

/* Begin PBXSourcesBuildPhase section */
		2F8FC434C5E3D863C21CBBC8 /* Sources */ = {
			isa = PBXSourcesBuildPhase;
			buildActionMask = 2147483647;
			files = (
				2F8FCD99787D675F90236A32 /* appUITests.swift in Sources */,
				2F8FC042E5DCFD33980646E3 /* appUITestsLaunchTests.swift in Sources */,
			);
			runOnlyForDeploymentPostprocessing = 0;
		};
		2F8FC83AB50AB78A3239C358 /* Sources */ = {
			isa = PBXSourcesBuildPhase;
			buildActionMask = 2147483647;
			files = (
				2F8FC722290884BB132DD9D3 /* appApp.swift in Sources */,
				2F8FC4A636E9A0CDB70A5359 /* ContentView.swift in Sources */,
				2F8FC70999856FE6D547C32B /* CameraViewModel.swift in Sources */,
				2F8FCAA97C6A308BCDCA3C76 /* Capture.swift in Sources */,
				2F8FC0B15B54F02A6AA9EBA0 /* CaptureInfo.swift in Sources */,
				2F8FC33A638641AD7C9176DB /* CaptureFolderState.swift in Sources */,
				2F8FC31B4D324BEDED909577 /* TriggerEveyTimer.swift in Sources */,
				2F8FC0056C123096DA93C11C /* PhotoCaptureDelegate.swift in Sources */,
			);
			runOnlyForDeploymentPostprocessing = 0;
		};
		2F8FCF4F89382877DE457EA9 /* Sources */ = {
			isa = PBXSourcesBuildPhase;
			buildActionMask = 2147483647;
			files = (
				2F8FC05CD73536DF0674DCA5 /* appTests.swift in Sources */,
			);
			runOnlyForDeploymentPostprocessing = 0;
		};
/* End PBXSourcesBuildPhase section */

/* Begin PBXTargetDependency section */
		2F8FC402A7E8DA7E47CD15B7 /* PBXTargetDependency */ = {
			isa = PBXTargetDependency;
			target = 2F8FC4DD76077F984B2DADCB /* app */;
			targetProxy = 2F8FCB7375F5E30F0B28BA1C /* PBXContainerItemProxy */;
		};
		2F8FC5E06D8D8BF19332901B /* PBXTargetDependency */ = {
			isa = PBXTargetDependency;
			target = 2F8FC4DD76077F984B2DADCB /* app */;
			targetProxy = 2F8FC79C1A21102895E65941 /* PBXContainerItemProxy */;
		};
/* End PBXTargetDependency section */

/* Begin XCBuildConfiguration section */
		2F8FC24F281B319370D36DE3 /* Debug */ = {
			isa = XCBuildConfiguration;
			buildSettings = {
				BUNDLE_LOADER = "$(BUILT_PRODUCTS_DIR)/app.app/app";
				CURRENT_PROJECT_VERSION = 1;
				GENERATE_INFOPLIST_FILE = YES;
				MARKETING_VERSION = 1.0;
				PRODUCT_BUNDLE_IDENTIFIER = no.emileni.appTests;
				PRODUCT_NAME = "$(TARGET_NAME)";
				SWIFT_EMIT_LOC_STRINGS = NO;
				SWIFT_VERSION = 5.0;
				TARGETED_DEVICE_FAMILY = "1,2";
				TEST_HOST = "$(BUNDLE_LOADER)";
			};
			name = Debug;
		};
		2F8FC994D38E0F7F1BEAA311 /* Release */ = {
			isa = XCBuildConfiguration;
			buildSettings = {
				ASSETCATALOG_COMPILER_APPICON_NAME = AppIcon;
				ASSETCATALOG_COMPILER_GLOBAL_ACCENT_COLOR_NAME = AccentColor;
				CURRENT_PROJECT_VERSION = 1;
				DEVELOPMENT_ASSET_PATHS = "\"app/Preview Content\"";
				ENABLE_PREVIEWS = YES;
				GENERATE_INFOPLIST_FILE = YES;
				INFOPLIST_KEY_UIApplicationSceneManifest_Generation = YES;
				INFOPLIST_KEY_UIApplicationSupportsIndirectInputEvents = YES;
				INFOPLIST_KEY_UILaunchScreen_Generation = YES;
				INFOPLIST_KEY_UISupportedInterfaceOrientations_iPad = "UIInterfaceOrientationPortrait UIInterfaceOrientationPortraitUpsideDown UIInterfaceOrientationLandscapeLeft UIInterfaceOrientationLandscapeRight";
				INFOPLIST_KEY_UISupportedInterfaceOrientations_iPhone = "UIInterfaceOrientationPortrait UIInterfaceOrientationLandscapeLeft UIInterfaceOrientationLandscapeRight";
				LD_RUNPATH_SEARCH_PATHS = "$(inherited) @executable_path/Frameworks";
				MARKETING_VERSION = 1.0;
				PRODUCT_BUNDLE_IDENTIFIER = no.emileni.app;
				PRODUCT_NAME = "$(TARGET_NAME)";
				SWIFT_EMIT_LOC_STRINGS = YES;
				SWIFT_VERSION = 5.0;
				TARGETED_DEVICE_FAMILY = "1,2";
			};
			name = Release;
		};
		2F8FCA8341FDAC3EE184E1E9 /* Debug */ = {
			isa = XCBuildConfiguration;
			buildSettings = {
				CURRENT_PROJECT_VERSION = 1;
				GENERATE_INFOPLIST_FILE = YES;
				MARKETING_VERSION = 1.0;
				PRODUCT_BUNDLE_IDENTIFIER = no.emileni.appUITests;
				PRODUCT_NAME = "$(TARGET_NAME)";
				SWIFT_EMIT_LOC_STRINGS = NO;
				SWIFT_VERSION = 5.0;
				TARGETED_DEVICE_FAMILY = "1,2";
				TEST_TARGET_NAME = app;
			};
			name = Debug;
		};
		2F8FCAF04F1BA6C55EE52C97 /* Debug */ = {
			isa = XCBuildConfiguration;
			buildSettings = {
				ALWAYS_SEARCH_USER_PATHS = NO;
				CLANG_ANALYZER_NONNULL = YES;
				CLANG_ANALYZER_NUMBER_OBJECT_CONVERSION = YES_AGGRESSIVE;
				CLANG_CXX_LANGUAGE_STANDARD = "gnu++20";
				CLANG_ENABLE_MODULES = YES;
				CLANG_ENABLE_OBJC_ARC = YES;
				CLANG_ENABLE_OBJC_WEAK = YES;
				CLANG_WARN_BLOCK_CAPTURE_AUTORELEASING = YES;
				CLANG_WARN_BOOL_CONVERSION = YES;
				CLANG_WARN_COMMA = YES;
				CLANG_WARN_CONSTANT_CONVERSION = YES;
				CLANG_WARN_DEPRECATED_OBJC_IMPLEMENTATIONS = YES;
				CLANG_WARN_DIRECT_OBJC_ISA_USAGE = YES_ERROR;
				CLANG_WARN_DOCUMENTATION_COMMENTS = YES;
				CLANG_WARN_EMPTY_BODY = YES;
				CLANG_WARN_ENUM_CONVERSION = YES;
				CLANG_WARN_INFINITE_RECURSION = YES;
				CLANG_WARN_INT_CONVERSION = YES;
				CLANG_WARN_NON_LITERAL_NULL_CONVERSION = YES;
				CLANG_WARN_OBJC_IMPLICIT_RETAIN_SELF = YES;
				CLANG_WARN_OBJC_LITERAL_CONVERSION = YES;
				CLANG_WARN_OBJC_ROOT_CLASS = YES_ERROR;
				CLANG_WARN_QUOTED_INCLUDE_IN_FRAMEWORK_HEADER = YES;
				CLANG_WARN_RANGE_LOOP_ANALYSIS = YES;
				CLANG_WARN_STRICT_PROTOTYPES = YES;
				CLANG_WARN_SUSPICIOUS_MOVE = YES;
				CLANG_WARN_UNGUARDED_AVAILABILITY = YES_AGGRESSIVE;
				CLANG_WARN_UNREACHABLE_CODE = YES;
				CLANG_WARN__DUPLICATE_METHOD_MATCH = YES;
				COPY_PHASE_STRIP = NO;
				DEBUG_INFORMATION_FORMAT = dwarf;
				ENABLE_STRICT_OBJC_MSGSEND = YES;
				ENABLE_TESTABILITY = YES;
				GCC_C_LANGUAGE_STANDARD = gnu11;
				GCC_DYNAMIC_NO_PIC = NO;
				GCC_NO_COMMON_BLOCKS = YES;
				GCC_OPTIMIZATION_LEVEL = 0;
				GCC_PREPROCESSOR_DEFINITIONS = (
					"DEBUG=1",
					"$(inherited)",
				);
				GCC_WARN_64_TO_32_BIT_CONVERSION = YES;
				GCC_WARN_ABOUT_RETURN_TYPE = YES_ERROR;
				GCC_WARN_UNDECLARED_SELECTOR = YES;
				GCC_WARN_UNINITIALIZED_AUTOS = YES_AGGRESSIVE;
				GCC_WARN_UNUSED_FUNCTION = YES;
				GCC_WARN_UNUSED_VARIABLE = YES;
				IPHONEOS_DEPLOYMENT_TARGET = 16.0;
				MTL_ENABLE_DEBUG_INFO = INCLUDE_SOURCE;
				MTL_FAST_MATH = YES;
				ONLY_ACTIVE_ARCH = YES;
				SDKROOT = iphoneos;
				SWIFT_ACTIVE_COMPILATION_CONDITIONS = DEBUG;
				SWIFT_OPTIMIZATION_LEVEL = "-Onone";
			};
			name = Debug;
		};
		2F8FCCF1F51EAEB2E26BD40D /* Release */ = {
			isa = XCBuildConfiguration;
			buildSettings = {
				CURRENT_PROJECT_VERSION = 1;
				GENERATE_INFOPLIST_FILE = YES;
				MARKETING_VERSION = 1.0;
				PRODUCT_BUNDLE_IDENTIFIER = no.emileni.appUITests;
				PRODUCT_NAME = "$(TARGET_NAME)";
				SWIFT_EMIT_LOC_STRINGS = NO;
				SWIFT_VERSION = 5.0;
				TARGETED_DEVICE_FAMILY = "1,2";
				TEST_TARGET_NAME = app;
			};
			name = Release;
		};
		2F8FCD45538409F80717E6A3 /* Release */ = {
			isa = XCBuildConfiguration;
			buildSettings = {
				ALWAYS_SEARCH_USER_PATHS = NO;
				CLANG_ANALYZER_NONNULL = YES;
				CLANG_ANALYZER_NUMBER_OBJECT_CONVERSION = YES_AGGRESSIVE;
				CLANG_CXX_LANGUAGE_STANDARD = "gnu++20";
				CLANG_ENABLE_MODULES = YES;
				CLANG_ENABLE_OBJC_ARC = YES;
				CLANG_ENABLE_OBJC_WEAK = YES;
				CLANG_WARN_BLOCK_CAPTURE_AUTORELEASING = YES;
				CLANG_WARN_BOOL_CONVERSION = YES;
				CLANG_WARN_COMMA = YES;
				CLANG_WARN_CONSTANT_CONVERSION = YES;
				CLANG_WARN_DEPRECATED_OBJC_IMPLEMENTATIONS = YES;
				CLANG_WARN_DIRECT_OBJC_ISA_USAGE = YES_ERROR;
				CLANG_WARN_DOCUMENTATION_COMMENTS = YES;
				CLANG_WARN_EMPTY_BODY = YES;
				CLANG_WARN_ENUM_CONVERSION = YES;
				CLANG_WARN_INFINITE_RECURSION = YES;
				CLANG_WARN_INT_CONVERSION = YES;
				CLANG_WARN_NON_LITERAL_NULL_CONVERSION = YES;
				CLANG_WARN_OBJC_IMPLICIT_RETAIN_SELF = YES;
				CLANG_WARN_OBJC_LITERAL_CONVERSION = YES;
				CLANG_WARN_OBJC_ROOT_CLASS = YES_ERROR;
				CLANG_WARN_QUOTED_INCLUDE_IN_FRAMEWORK_HEADER = YES;
				CLANG_WARN_RANGE_LOOP_ANALYSIS = YES;
				CLANG_WARN_STRICT_PROTOTYPES = YES;
				CLANG_WARN_SUSPICIOUS_MOVE = YES;
				CLANG_WARN_UNGUARDED_AVAILABILITY = YES_AGGRESSIVE;
				CLANG_WARN_UNREACHABLE_CODE = YES;
				CLANG_WARN__DUPLICATE_METHOD_MATCH = YES;
				COPY_PHASE_STRIP = NO;
				DEBUG_INFORMATION_FORMAT = "dwarf-with-dsym";
				ENABLE_NS_ASSERTIONS = NO;
				ENABLE_STRICT_OBJC_MSGSEND = YES;
				GCC_C_LANGUAGE_STANDARD = gnu11;
				GCC_NO_COMMON_BLOCKS = YES;
				GCC_WARN_64_TO_32_BIT_CONVERSION = YES;
				GCC_WARN_ABOUT_RETURN_TYPE = YES_ERROR;
				GCC_WARN_UNDECLARED_SELECTOR = YES;
				GCC_WARN_UNINITIALIZED_AUTOS = YES_AGGRESSIVE;
				GCC_WARN_UNUSED_FUNCTION = YES;
				GCC_WARN_UNUSED_VARIABLE = YES;
				IPHONEOS_DEPLOYMENT_TARGET = 16.0;
				MTL_ENABLE_DEBUG_INFO = NO;
				MTL_FAST_MATH = YES;
				SDKROOT = iphoneos;
				SWIFT_COMPILATION_MODE = wholemodule;
				SWIFT_OPTIMIZATION_LEVEL = "-O";
				VALIDATE_PRODUCT = YES;
			};
			name = Release;
		};
		2F8FCE296B36B5643B0C1212 /* Debug */ = {
			isa = XCBuildConfiguration;
			buildSettings = {
				ASSETCATALOG_COMPILER_APPICON_NAME = AppIcon;
				ASSETCATALOG_COMPILER_GLOBAL_ACCENT_COLOR_NAME = AccentColor;
				CURRENT_PROJECT_VERSION = 1;
				DEVELOPMENT_ASSET_PATHS = "\"app/Preview Content\"";
				ENABLE_PREVIEWS = YES;
				GENERATE_INFOPLIST_FILE = YES;
				INFOPLIST_KEY_UIApplicationSceneManifest_Generation = YES;
				INFOPLIST_KEY_UIApplicationSupportsIndirectInputEvents = YES;
				INFOPLIST_KEY_UILaunchScreen_Generation = YES;
				INFOPLIST_KEY_UISupportedInterfaceOrientations_iPad = "UIInterfaceOrientationPortrait UIInterfaceOrientationPortraitUpsideDown UIInterfaceOrientationLandscapeLeft UIInterfaceOrientationLandscapeRight";
				INFOPLIST_KEY_UISupportedInterfaceOrientations_iPhone = "UIInterfaceOrientationPortrait UIInterfaceOrientationLandscapeLeft UIInterfaceOrientationLandscapeRight";
				LD_RUNPATH_SEARCH_PATHS = "$(inherited) @executable_path/Frameworks";
				MARKETING_VERSION = 1.0;
				PRODUCT_BUNDLE_IDENTIFIER = no.emileni.app;
				PRODUCT_NAME = "$(TARGET_NAME)";
				SWIFT_EMIT_LOC_STRINGS = YES;
				SWIFT_VERSION = 5.0;
				TARGETED_DEVICE_FAMILY = "1,2";
			};
			name = Debug;
		};
		2F8FCED0E8DE89FC71BEAC6D /* Release */ = {
			isa = XCBuildConfiguration;
			buildSettings = {
				BUNDLE_LOADER = "$(BUILT_PRODUCTS_DIR)/app.app/app";
				CURRENT_PROJECT_VERSION = 1;
				GENERATE_INFOPLIST_FILE = YES;
				MARKETING_VERSION = 1.0;
				PRODUCT_BUNDLE_IDENTIFIER = no.emileni.appTests;
				PRODUCT_NAME = "$(TARGET_NAME)";
				SWIFT_EMIT_LOC_STRINGS = NO;
				SWIFT_VERSION = 5.0;
				TARGETED_DEVICE_FAMILY = "1,2";
				TEST_HOST = "$(BUNDLE_LOADER)";
			};
			name = Release;
		};
/* End XCBuildConfiguration section */

/* Begin XCConfigurationList section */
		2F8FC463EF798A48E5A8AE34 /* Build configuration list for PBXNativeTarget "app" */ = {
			isa = XCConfigurationList;
			buildConfigurations = (
				2F8FCE296B36B5643B0C1212 /* Debug */,
				2F8FC994D38E0F7F1BEAA311 /* Release */,
			);
			defaultConfigurationIsVisible = 0;
		};
		2F8FC547E5846E13F032D77D /* Build configuration list for PBXNativeTarget "appTests" */ = {
			isa = XCConfigurationList;
			buildConfigurations = (
				2F8FC24F281B319370D36DE3 /* Debug */,
				2F8FCED0E8DE89FC71BEAC6D /* Release */,
			);
			defaultConfigurationIsVisible = 0;
		};
		2F8FC6E94168190FCB638119 /* Build configuration list for PBXNativeTarget "appUITests" */ = {
			isa = XCConfigurationList;
			buildConfigurations = (
				2F8FCA8341FDAC3EE184E1E9 /* Debug */,
				2F8FCCF1F51EAEB2E26BD40D /* Release */,
			);
			defaultConfigurationIsVisible = 0;
		};
		2F8FCCDC154218883343E30A /* Build configuration list for PBXProject "app" */ = {
			isa = XCConfigurationList;
			buildConfigurations = (
				2F8FCAF04F1BA6C55EE52C97 /* Debug */,
				2F8FCD45538409F80717E6A3 /* Release */,
			);
			defaultConfigurationIsVisible = 0;
			defaultConfigurationName = Release;
		};
/* End XCConfigurationList section */
	};
	rootObject = 2F8FC5369FD2DED6EF4A488D /* Project object */;
}
